
Microsoft Visual Studio Solution File, Format Version 12.00
# Visual Studio Version 17
VisualStudioVersion = 17.9.34728.123
MinimumVisualStudioVersion = 10.0.40219.1
Project("{FAE04EC0-301F-11D3-BF4B-00C04F79EFBC}") = "CustomerAPI", "CustomerAPI\CustomerAPI.csproj", "{19B2873D-46FA-41D8-B0EF-7E3C6D41F112}"
EndProject
Global
	GlobalSection(SolutionConfigurationPlatforms) = preSolution
		Debug|Any CPU = Debug|Any CPU
		Release|Any CPU = Release|Any CPU
	EndGlobalSection
	GlobalSection(ProjectConfigurationPlatforms) = postSolution
		{19B2873D-46FA-41D8-B0EF-7E3C6D41F112}.Debug|Any CPU.ActiveCfg = Debug|Any CPU
		{19B2873D-46FA-41D8-B0EF-7E3C6D41F112}.Debug|Any CPU.Build.0 = Debug|Any CPU
		{19B2873D-46FA-41D8-B0EF-7E3C6D41F112}.Release|Any CPU.ActiveCfg = Release|Any CPU
		{19B2873D-46FA-41D8-B0EF-7E3C6D41F112}.Release|Any CPU.Build.0 = Release|Any CPU
	EndGlobalSection
	GlobalSection(SolutionProperties) = preSolution
		HideSolutionNode = FALSE
	EndGlobalSection
	GlobalSection(ExtensibilityGlobals) = postSolution
		SolutionGuid = {B5FD9627-0CF9-45C7-89F1-31751F04DEE5}
	EndGlobalSection
EndGlobal
